// !$*UTF8*$!
{
	archiveVersion = 1;
	classes = {
	};
	objectVersion = 46;
	objects = {

/* Begin PBXBuildFile section */
		A7B9BE0F1D0F716600A6A5BE /* converter.c in Sources */ = {isa = PBXBuildFile; fileRef = A7B9BE0D1D0F716600A6A5BE /* converter.c */; };
		A7B9BE111D0F76A900A6A5BE /* converterAssembly.s in Sources */ = {isa = PBXBuildFile; fileRef = A7B9BE101D0F749600A6A5BE /* converterAssembly.s */; };
		A7D696381D00CF5B00F7C9B1 /* main.c in Sources */ = {isa = PBXBuildFile; fileRef = A7D696371D00CF5B00F7C9B1 /* main.c */; };
		A7D696401D00D1EF00F7C9B1 /* floatlib.c in Sources */ = {isa = PBXBuildFile; fileRef = A7D6963E1D00D1EF00F7C9B1 /* floatlib.c */; };
/* End PBXBuildFile section */

/* Begin PBXCopyFilesBuildPhase section */
		A7D696321D00CF5B00F7C9B1 /* CopyFiles */ = {
			isa = PBXCopyFilesBuildPhase;
			buildActionMask = 2147483647;
			dstPath = /usr/share/man/man1/;
			dstSubfolderSpec = 0;
			files = (
			);
			runOnlyForDeploymentPostprocessing = 1;
		};
/* End PBXCopyFilesBuildPhase section */

/* Begin PBXFileReference section */
		A7B9BE0D1D0F716600A6A5BE /* converter.c */ = {isa = PBXFileReference; fileEncoding = 4; lastKnownFileType = sourcecode.c.c; path = converter.c; sourceTree = "<group>"; };
		A7B9BE0E1D0F716600A6A5BE /* converter.h */ = {isa = PBXFileReference; fileEncoding = 4; lastKnownFileType = sourcecode.c.h; path = converter.h; sourceTree = "<group>"; };
		A7B9BE101D0F749600A6A5BE /* converterAssembly.s */ = {isa = PBXFileReference; lastKnownFileType = sourcecode.asm; path = converterAssembly.s; sourceTree = "<group>"; };
		A7D696341D00CF5B00F7C9B1 /* CMPT295 */ = {isa = PBXFileReference; explicitFileType = "compiled.mach-o.executable"; includeInIndex = 0; path = CMPT295; sourceTree = BUILT_PRODUCTS_DIR; };
		A7D696371D00CF5B00F7C9B1 /* main.c */ = {isa = PBXFileReference; lastKnownFileType = sourcecode.c.c; path = main.c; sourceTree = "<group>"; };
		A7D6963E1D00D1EF00F7C9B1 /* floatlib.c */ = {isa = PBXFileReference; fileEncoding = 4; lastKnownFileType = sourcecode.c.c; path = floatlib.c; sourceTree = "<group>"; };
		A7D6963F1D00D1EF00F7C9B1 /* floatlib.h */ = {isa = PBXFileReference; fileEncoding = 4; lastKnownFileType = sourcecode.c.h; path = floatlib.h; sourceTree = "<group>"; };
/* End PBXFileReference section */

/* Begin PBXFrameworksBuildPhase section */
		A7D696311D00CF5B00F7C9B1 /* Frameworks */ = {
			isa = PBXFrameworksBuildPhase;
			buildActionMask = 2147483647;
			files = (
			);
			runOnlyForDeploymentPostprocessing = 0;
		};
/* End PBXFrameworksBuildPhase section */

/* Begin PBXGroup section */
		A7D6962B1D00CF5B00F7C9B1 = {
			isa = PBXGroup;
			children = (
				A7D696361D00CF5B00F7C9B1 /* CMPT295 */,
				A7D696351D00CF5B00F7C9B1 /* Products */,
			);
			sourceTree = "<group>";
		};
		A7D696351D00CF5B00F7C9B1 /* Products */ = {
			isa = PBXGroup;
			children = (
				A7D696341D00CF5B00F7C9B1 /* CMPT295 */,
			);
			name = Products;
			sourceTree = "<group>";
		};
		A7D696361D00CF5B00F7C9B1 /* CMPT295 */ = {
			isa = PBXGroup;
			children = (
				A7D696371D00CF5B00F7C9B1 /* main.c */,
				A7B9BE0D1D0F716600A6A5BE /* converter.c */,
				A7B9BE101D0F749600A6A5BE /* converterAssembly.s */,
				A7B9BE0E1D0F716600A6A5BE /* converter.h */,
				A7D6963E1D00D1EF00F7C9B1 /* floatlib.c */,
				A7D6963F1D00D1EF00F7C9B1 /* floatlib.h */,
			);
			path = CMPT295;
			sourceTree = "<group>";
		};
/* End PBXGroup section */

/* Begin PBXNativeTarget section */
		A7D696331D00CF5B00F7C9B1 /* CMPT295 */ = {
			isa = PBXNativeTarget;
			buildConfigurationList = A7D6963B1D00CF5B00F7C9B1 /* Build configuration list for PBXNativeTarget "CMPT295" */;
			buildPhases = (
				A7D696301D00CF5B00F7C9B1 /* Sources */,
				A7D696311D00CF5B00F7C9B1 /* Frameworks */,
				A7D696321D00CF5B00F7C9B1 /* CopyFiles */,
			);
			buildRules = (
			);
			dependencies = (
			);
			name = CMPT295;
			productName = CMPT295;
			productReference = A7D696341D00CF5B00F7C9B1 /* CMPT295 */;
			productType = "com.apple.product-type.tool";
		};
/* End PBXNativeTarget section */

/* Begin PBXProject section */
		A7D6962C1D00CF5B00F7C9B1 /* Project object */ = {
			isa = PBXProject;
			attributes = {
				LastUpgradeCheck = 0710;
				ORGANIZATIONNAME = "June Kim";
				TargetAttributes = {
					A7D696331D00CF5B00F7C9B1 = {
						CreatedOnToolsVersion = 7.1.1;
					};
				};
			};
			buildConfigurationList = A7D6962F1D00CF5B00F7C9B1 /* Build configuration list for PBXProject "CMPT295" */;
			compatibilityVersion = "Xcode 3.2";
			developmentRegion = English;
			hasScannedForEncodings = 0;
			knownRegions = (
				en,
			);
			mainGroup = A7D6962B1D00CF5B00F7C9B1;
			productRefGroup = A7D696351D00CF5B00F7C9B1 /* Products */;
			projectDirPath = "";
			projectRoot = "";
			targets = (
				A7D696331D00CF5B00F7C9B1 /* CMPT295 */,
			);
		};
/* End PBXProject section */

/* Begin PBXSourcesBuildPhase section */
		A7D696301D00CF5B00F7C9B1 /* Sources */ = {
			isa = PBXSourcesBuildPhase;
			buildActionMask = 2147483647;
			files = (
				A7B9BE111D0F76A900A6A5BE /* converterAssembly.s in Sources */,
				A7B9BE0F1D0F716600A6A5BE /* converter.c in Sources */,
				A7D696401D00D1EF00F7C9B1 /* floatlib.c in Sources */,
				A7D696381D00CF5B00F7C9B1 /* main.c in Sources */,
			);
			runOnlyForDeploymentPostprocessing = 0;
		};
/* End PBXSourcesBuildPhase section */

/* Begin XCBuildConfiguration section */
		A7D696391D00CF5B00F7C9B1 /* Debug */ = {
			isa = XCBuildConfiguration;
			buildSettings = {
				ALWAYS_SEARCH_USER_PATHS = NO;
				CLANG_CXX_LANGUAGE_STANDARD = "gnu++0x";
				CLANG_CXX_LIBRARY = "libc++";
				CLANG_ENABLE_MODULES = YES;
				CLANG_ENABLE_OBJC_ARC = YES;
				CLANG_WARN_BOOL_CONVERSION = YES;
				CLANG_WARN_CONSTANT_CONVERSION = YES;
				CLANG_WARN_DIRECT_OBJC_ISA_USAGE = YES_ERROR;
				CLANG_WARN_EMPTY_BODY = YES;
				CLANG_WARN_ENUM_CONVERSION = YES;
				CLANG_WARN_INT_CONVERSION = YES;
				CLANG_WARN_OBJC_ROOT_CLASS = YES_ERROR;
				CLANG_WARN_UNREACHABLE_CODE = YES;
				CLANG_WARN__DUPLICATE_METHOD_MATCH = YES;
				CODE_SIGN_IDENTITY = "-";
				COPY_PHASE_STRIP = NO;
				DEBUG_INFORMATION_FORMAT = dwarf;
				ENABLE_STRICT_OBJC_MSGSEND = YES;
				ENABLE_TESTABILITY = YES;
				GCC_C_LANGUAGE_STANDARD = gnu99;
				GCC_DYNAMIC_NO_PIC = NO;
				GCC_NO_COMMON_BLOCKS = YES;
				GCC_OPTIMIZATION_LEVEL = 0;
				GCC_PREPROCESSOR_DEFINITIONS = (
					"DEBUG=1",
					"$(inherited)",
				);
				GCC_WARN_64_TO_32_BIT_CONVERSION = YES;
				GCC_WARN_ABOUT_RETURN_TYPE = YES_ERROR;
				GCC_WARN_UNDECLARED_SELECTOR = YES;
				GCC_WARN_UNINITIALIZED_AUTOS = YES_AGGRESSIVE;
				GCC_WARN_UNUSED_FUNCTION = YES;
				GCC_WARN_UNUSED_VARIABLE = YES;
				MACOSX_DEPLOYMENT_TARGET = 10.10;
				MTL_ENABLE_DEBUG_INFO = YES;
				ONLY_ACTIVE_ARCH = YES;
				SDKROOT = macosx;
			};
			name = Debug;
		};
		A7D6963A1D00CF5B00F7C9B1 /* Release */ = {
			isa = XCBuildConfiguration;
			buildSettings = {
				ALWAYS_SEARCH_USER_PATHS = NO;
				CLANG_CXX_LANGUAGE_STANDARD = "gnu++0x";
				CLANG_CXX_LIBRARY = "libc++";
				CLANG_ENABLE_MODULES = YES;
				CLANG_ENABLE_OBJC_ARC = YES;
				CLANG_WARN_BOOL_CONVERSION = YES;
				CLANG_WARN_CONSTANT_CONVERSION = YES;
				CLANG_WARN_DIRECT_OBJC_ISA_USAGE = YES_ERROR;
				CLANG_WARN_EMPTY_BODY = YES;
				CLANG_WARN_ENUM_CONVERSION = YES;
				CLANG_WARN_INT_CONVERSION = YES;
				CLANG_WARN_OBJC_ROOT_CLASS = YES_ERROR;
				CLANG_WARN_UNREACHABLE_CODE = YES;
				CLANG_WARN__DUPLICATE_METHOD_MATCH = YES;
				CODE_SIGN_IDENTITY = "-";
				COPY_PHASE_STRIP = NO;
				DEBUG_INFORMATION_FORMAT = "dwarf-with-dsym";
				ENABLE_NS_ASSERTIONS = NO;
				ENABLE_STRICT_OBJC_MSGSEND = YES;
				GCC_C_LANGUAGE_STANDARD = gnu99;
				GCC_NO_COMMON_BLOCKS = YES;
				GCC_WARN_64_TO_32_BIT_CONVERSION = YES;
				GCC_WARN_ABOUT_RETURN_TYPE = YES_ERROR;
				GCC_WARN_UNDECLARED_SELECTOR = YES;
				GCC_WARN_UNINITIALIZED_AUTOS = YES_AGGRESSIVE;
				GCC_WARN_UNUSED_FUNCTION = YES;
				GCC_WARN_UNUSED_VARIABLE = YES;
				MACOSX_DEPLOYMENT_TARGET = 10.10;
				MTL_ENABLE_DEBUG_INFO = NO;
				SDKROOT = macosx;
			};
			name = Release;
		};
		A7D6963C1D00CF5B00F7C9B1 /* Debug */ = {
			isa = XCBuildConfiguration;
			buildSettings = {
				PRODUCT_NAME = "$(TARGET_NAME)";
			};
			name = Debug;
		};
		A7D6963D1D00CF5B00F7C9B1 /* Release */ = {
			isa = XCBuildConfiguration;
			buildSettings = {
				PRODUCT_NAME = "$(TARGET_NAME)";
			};
			name = Release;
		};
/* End XCBuildConfiguration section */

/* Begin XCConfigurationList section */
		A7D6962F1D00CF5B00F7C9B1 /* Build configuration list for PBXProject "CMPT295" */ = {
			isa = XCConfigurationList;
			buildConfigurations = (
				A7D696391D00CF5B00F7C9B1 /* Debug */,
				A7D6963A1D00CF5B00F7C9B1 /* Release */,
			);
			defaultConfigurationIsVisible = 0;
			defaultConfigurationName = Release;
		};
		A7D6963B1D00CF5B00F7C9B1 /* Build configuration list for PBXNativeTarget "CMPT295" */ = {
			isa = XCConfigurationList;
			buildConfigurations = (
				A7D6963C1D00CF5B00F7C9B1 /* Debug */,
				A7D6963D1D00CF5B00F7C9B1 /* Release */,
			);
			defaultConfigurationIsVisible = 0;
			defaultConfigurationName = Release;
		};
/* End XCConfigurationList section */
	};
	rootObject = A7D6962C1D00CF5B00F7C9B1 /* Project object */;
}
