// !$*UTF8*$!
{
	archiveVersion = 1;
	classes = {
	};
	objectVersion = 46;
	objects = {

/* Begin PBXBuildFile section */
		A7013E9C1CEB9D6E0043A9CF /* main.c in Sources */ = {isa = PBXBuildFile; fileRef = A7013E9B1CEB9D6E0043A9CF /* main.c */; };
		A7DDD7B01D29EA8500AE4B16 /* Queue.c in Sources */ = {isa = PBXBuildFile; fileRef = A7DDD7AE1D29EA8500AE4B16 /* Queue.c */; };
/* End PBXBuildFile section */

/* Begin PBXCopyFilesBuildPhase section */
		A7013E961CEB9D6E0043A9CF /* CopyFiles */ = {
			isa = PBXCopyFilesBuildPhase;
			buildActionMask = 2147483647;
			dstPath = /usr/share/man/man1/;
			dstSubfolderSpec = 0;
			files = (
			);
			runOnlyForDeploymentPostprocessing = 1;
		};
/* End PBXCopyFilesBuildPhase section */

/* Begin PBXFileReference section */
		A7013E981CEB9D6E0043A9CF /* OneTwoFive */ = {isa = PBXFileReference; explicitFileType = "compiled.mach-o.executable"; includeInIndex = 0; path = OneTwoFive; sourceTree = BUILT_PRODUCTS_DIR; };
		A7013E9B1CEB9D6E0043A9CF /* main.c */ = {isa = PBXFileReference; lastKnownFileType = sourcecode.c.c; path = main.c; sourceTree = "<group>"; };
		A72C983B1D050033009B76A1 /* BinarySearch.c */ = {isa = PBXFileReference; fileEncoding = 4; lastKnownFileType = sourcecode.c.c; path = BinarySearch.c; sourceTree = "<group>"; };
		A72C983F1D050271009B76A1 /* SelectionSort.c */ = {isa = PBXFileReference; fileEncoding = 4; lastKnownFileType = sourcecode.c.c; path = SelectionSort.c; sourceTree = "<group>"; };
		A75067381D04BC5A0085D5D1 /* reachabilityMap.c */ = {isa = PBXFileReference; fileEncoding = 4; lastKnownFileType = sourcecode.c.c; path = reachabilityMap.c; sourceTree = "<group>"; };
		A7DDD7AE1D29EA8500AE4B16 /* Queue.c */ = {isa = PBXFileReference; fileEncoding = 4; lastKnownFileType = sourcecode.c.c; path = Queue.c; sourceTree = "<group>"; };
		A7DDD7AF1D29EA8500AE4B16 /* Queue.h */ = {isa = PBXFileReference; fileEncoding = 4; lastKnownFileType = sourcecode.c.h; path = Queue.h; sourceTree = "<group>"; };
		A7EF3E941D03866400558508 /* asn2problem1.c */ = {isa = PBXFileReference; fileEncoding = 4; lastKnownFileType = sourcecode.c.c; path = asn2problem1.c; sourceTree = "<group>"; };
/* End PBXFileReference section */

/* Begin PBXFrameworksBuildPhase section */
		A7013E951CEB9D6E0043A9CF /* Frameworks */ = {
			isa = PBXFrameworksBuildPhase;
			buildActionMask = 2147483647;
			files = (
			);
			runOnlyForDeploymentPostprocessing = 0;
		};
/* End PBXFrameworksBuildPhase section */

/* Begin PBXGroup section */
		A7013E8F1CEB9D6E0043A9CF = {
			isa = PBXGroup;
			children = (
				A7013E9A1CEB9D6E0043A9CF /* OneTwoFive */,
				A7013E991CEB9D6E0043A9CF /* Products */,
			);
			sourceTree = "<group>";
		};
		A7013E991CEB9D6E0043A9CF /* Products */ = {
			isa = PBXGroup;
			children = (
				A7013E981CEB9D6E0043A9CF /* OneTwoFive */,
			);
			name = Products;
			sourceTree = "<group>";
		};
		A7013E9A1CEB9D6E0043A9CF /* OneTwoFive */ = {
			isa = PBXGroup;
			children = (
				A7013E9B1CEB9D6E0043A9CF /* main.c */,
				A7DDD7AE1D29EA8500AE4B16 /* Queue.c */,
				A7DDD7AF1D29EA8500AE4B16 /* Queue.h */,
				A7EF3E941D03866400558508 /* asn2problem1.c */,
				A75067381D04BC5A0085D5D1 /* reachabilityMap.c */,
				A72C983F1D050271009B76A1 /* SelectionSort.c */,
				A72C983B1D050033009B76A1 /* BinarySearch.c */,
			);
			path = OneTwoFive;
			sourceTree = "<group>";
		};
/* End PBXGroup section */

/* Begin PBXNativeTarget section */
		A7013E971CEB9D6E0043A9CF /* OneTwoFive */ = {
			isa = PBXNativeTarget;
			buildConfigurationList = A7013E9F1CEB9D6E0043A9CF /* Build configuration list for PBXNativeTarget "OneTwoFive" */;
			buildPhases = (
				A7013E941CEB9D6E0043A9CF /* Sources */,
				A7013E951CEB9D6E0043A9CF /* Frameworks */,
				A7013E961CEB9D6E0043A9CF /* CopyFiles */,
			);
			buildRules = (
			);
			dependencies = (
			);
			name = OneTwoFive;
			productName = OneTwoFive;
			productReference = A7013E981CEB9D6E0043A9CF /* OneTwoFive */;
			productType = "com.apple.product-type.tool";
		};
/* End PBXNativeTarget section */

/* Begin PBXProject section */
		A7013E901CEB9D6E0043A9CF /* Project object */ = {
			isa = PBXProject;
			attributes = {
				LastUpgradeCheck = 0710;
				ORGANIZATIONNAME = "June Kim";
				TargetAttributes = {
					A7013E971CEB9D6E0043A9CF = {
						CreatedOnToolsVersion = 7.1.1;
					};
				};
			};
			buildConfigurationList = A7013E931CEB9D6E0043A9CF /* Build configuration list for PBXProject "OneTwoFive" */;
			compatibilityVersion = "Xcode 3.2";
			developmentRegion = English;
			hasScannedForEncodings = 0;
			knownRegions = (
				en,
			);
			mainGroup = A7013E8F1CEB9D6E0043A9CF;
			productRefGroup = A7013E991CEB9D6E0043A9CF /* Products */;
			projectDirPath = "";
			projectRoot = "";
			targets = (
				A7013E971CEB9D6E0043A9CF /* OneTwoFive */,
			);
		};
/* End PBXProject section */

/* Begin PBXSourcesBuildPhase section */
		A7013E941CEB9D6E0043A9CF /* Sources */ = {
			isa = PBXSourcesBuildPhase;
			buildActionMask = 2147483647;
			files = (
				A7013E9C1CEB9D6E0043A9CF /* main.c in Sources */,
				A7DDD7B01D29EA8500AE4B16 /* Queue.c in Sources */,
			);
			runOnlyForDeploymentPostprocessing = 0;
		};
/* End PBXSourcesBuildPhase section */

/* Begin XCBuildConfiguration section */
		A7013E9D1CEB9D6E0043A9CF /* Debug */ = {
			isa = XCBuildConfiguration;
			buildSettings = {
				ALWAYS_SEARCH_USER_PATHS = NO;
				CLANG_CXX_LANGUAGE_STANDARD = "gnu++0x";
				CLANG_CXX_LIBRARY = "libc++";
				CLANG_ENABLE_MODULES = YES;
				CLANG_ENABLE_OBJC_ARC = YES;
				CLANG_WARN_BOOL_CONVERSION = YES;
				CLANG_WARN_CONSTANT_CONVERSION = YES;
				CLANG_WARN_DIRECT_OBJC_ISA_USAGE = YES_ERROR;
				CLANG_WARN_EMPTY_BODY = YES;
				CLANG_WARN_ENUM_CONVERSION = YES;
				CLANG_WARN_INT_CONVERSION = YES;
				CLANG_WARN_OBJC_ROOT_CLASS = YES_ERROR;
				CLANG_WARN_UNREACHABLE_CODE = YES;
				CLANG_WARN__DUPLICATE_METHOD_MATCH = YES;
				CODE_SIGN_IDENTITY = "-";
				COPY_PHASE_STRIP = NO;
				DEBUG_INFORMATION_FORMAT = dwarf;
				ENABLE_STRICT_OBJC_MSGSEND = YES;
				ENABLE_TESTABILITY = YES;
				GCC_C_LANGUAGE_STANDARD = gnu99;
				GCC_DYNAMIC_NO_PIC = NO;
				GCC_NO_COMMON_BLOCKS = YES;
				GCC_OPTIMIZATION_LEVEL = 0;
				GCC_PREPROCESSOR_DEFINITIONS = (
					"DEBUG=1",
					"$(inherited)",
				);
				GCC_WARN_64_TO_32_BIT_CONVERSION = YES;
				GCC_WARN_ABOUT_RETURN_TYPE = YES_ERROR;
				GCC_WARN_UNDECLARED_SELECTOR = YES;
				GCC_WARN_UNINITIALIZED_AUTOS = YES_AGGRESSIVE;
				GCC_WARN_UNUSED_FUNCTION = YES;
				GCC_WARN_UNUSED_VARIABLE = YES;
				MACOSX_DEPLOYMENT_TARGET = 10.10;
				MTL_ENABLE_DEBUG_INFO = YES;
				ONLY_ACTIVE_ARCH = YES;
				SDKROOT = macosx;
			};
			name = Debug;
		};
		A7013E9E1CEB9D6E0043A9CF /* Release */ = {
			isa = XCBuildConfiguration;
			buildSettings = {
				ALWAYS_SEARCH_USER_PATHS = NO;
				CLANG_CXX_LANGUAGE_STANDARD = "gnu++0x";
				CLANG_CXX_LIBRARY = "libc++";
				CLANG_ENABLE_MODULES = YES;
				CLANG_ENABLE_OBJC_ARC = YES;
				CLANG_WARN_BOOL_CONVERSION = YES;
				CLANG_WARN_CONSTANT_CONVERSION = YES;
				CLANG_WARN_DIRECT_OBJC_ISA_USAGE = YES_ERROR;
				CLANG_WARN_EMPTY_BODY = YES;
				CLANG_WARN_ENUM_CONVERSION = YES;
				CLANG_WARN_INT_CONVERSION = YES;
				CLANG_WARN_OBJC_ROOT_CLASS = YES_ERROR;
				CLANG_WARN_UNREACHABLE_CODE = YES;
				CLANG_WARN__DUPLICATE_METHOD_MATCH = YES;
				CODE_SIGN_IDENTITY = "-";
				COPY_PHASE_STRIP = NO;
				DEBUG_INFORMATION_FORMAT = "dwarf-with-dsym";
				ENABLE_NS_ASSERTIONS = NO;
				ENABLE_STRICT_OBJC_MSGSEND = YES;
				GCC_C_LANGUAGE_STANDARD = gnu99;
				GCC_NO_COMMON_BLOCKS = YES;
				GCC_WARN_64_TO_32_BIT_CONVERSION = YES;
				GCC_WARN_ABOUT_RETURN_TYPE = YES_ERROR;
				GCC_WARN_UNDECLARED_SELECTOR = YES;
				GCC_WARN_UNINITIALIZED_AUTOS = YES_AGGRESSIVE;
				GCC_WARN_UNUSED_FUNCTION = YES;
				GCC_WARN_UNUSED_VARIABLE = YES;
				MACOSX_DEPLOYMENT_TARGET = 10.10;
				MTL_ENABLE_DEBUG_INFO = NO;
				SDKROOT = macosx;
			};
			name = Release;
		};
		A7013EA01CEB9D6E0043A9CF /* Debug */ = {
			isa = XCBuildConfiguration;
			buildSettings = {
				PRODUCT_NAME = "$(TARGET_NAME)";
			};
			name = Debug;
		};
		A7013EA11CEB9D6E0043A9CF /* Release */ = {
			isa = XCBuildConfiguration;
			buildSettings = {
				PRODUCT_NAME = "$(TARGET_NAME)";
			};
			name = Release;
		};
/* End XCBuildConfiguration section */

/* Begin XCConfigurationList section */
		A7013E931CEB9D6E0043A9CF /* Build configuration list for PBXProject "OneTwoFive" */ = {
			isa = XCConfigurationList;
			buildConfigurations = (
				A7013E9D1CEB9D6E0043A9CF /* Debug */,
				A7013E9E1CEB9D6E0043A9CF /* Release */,
			);
			defaultConfigurationIsVisible = 0;
			defaultConfigurationName = Release;
		};
		A7013E9F1CEB9D6E0043A9CF /* Build configuration list for PBXNativeTarget "OneTwoFive" */ = {
			isa = XCConfigurationList;
			buildConfigurations = (
				A7013EA01CEB9D6E0043A9CF /* Debug */,
				A7013EA11CEB9D6E0043A9CF /* Release */,
			);
			defaultConfigurationIsVisible = 0;
			defaultConfigurationName = Release;
		};
/* End XCConfigurationList section */
	};
	rootObject = A7013E901CEB9D6E0043A9CF /* Project object */;
}
